// !$*UTF8*$!
{
	archiveVersion = 1;
	classes = {
	};
	objectVersion = 46;
	objects = {

/* Begin PBXBuildFile section */
		47277F993AAE47A64436D18678F455DB /* Main.storyboard in Resources */ = {isa = PBXBuildFile; fileRef = 473D0661C67BFA2D8AF1A2B061F3F76A /* Main.storyboard */; };
		4D24221B036FE155DF20572EB10A0830 /* LaunchScreen.xib in Resources */ = {isa = PBXBuildFile; fileRef = D1BAD63E2C8FA16059F9476B0307BACC /* LaunchScreen.xib */; };
		5003AEF3BBBB12728F5EEAEF75C47101 /* AppDelegate.m in Sources */ = {isa = PBXBuildFile; fileRef = F2F942F4C93B6DBA9596283258FFA0CE /* AppDelegate.m */; };
		8509624C03537B66F7125AF04011A1CE /* SwiftClass.swift in Sources */ = {isa = PBXBuildFile; fileRef = AB1E46D82E1ECB645C54213362EB8F5F /* SwiftClass.swift */; };
		B6CDB7BD3F2AA226674050C6D9C9CB48 /* Images.xcassets in Resources */ = {isa = PBXBuildFile; fileRef = 758F6795F8455FB9AC05548FDC7849D6 /* Images.xcassets */; };
		C7EA6036C6A311499CBCB4E3316CEFFF /* main.m in Sources */ = {isa = PBXBuildFile; fileRef = 192A3B0789E4C76518EAD1EE82F389CF /* main.m */; };
		E47F2848129EB84346457C653C550BF0 /* ViewController.m in Sources */ = {isa = PBXBuildFile; fileRef = D77B6B14A17B1D740B021AAD04135E67 /* ViewController.m */; };
		F62637CEE70D4B1F805B61D9873C6BE2 /* xUniqueTests.m in Sources */ = {isa = PBXBuildFile; fileRef = A337A8CA450FEC469B09D09AB1F0BBFE /* xUniqueTests.m */; };
/* End PBXBuildFile section */

/* Begin PBXContainerItemProxy section */
		45D10CA8D060A9826E0FFC04879C28F3 /* PBXContainerItemProxy */ = {
			isa = PBXContainerItemProxy;
			containerPortal = D0FAD9BE0577FC90008E18DE21788638 /* Project object */;
			proxyType = 1;
			remoteGlobalIDString = F4E746A621806A3A6F9CAD11EFB842A2;
			remoteInfo = xUnique;
		};
/* End PBXContainerItemProxy section */

/* Begin PBXFileReference section */
		192A3B0789E4C76518EAD1EE82F389CF /* main.m */ = {isa = PBXFileReference; lastKnownFileType = sourcecode.c.objc; path = main.m; sourceTree = "<group>"; };
		3B7756CFD8ACF90DF645E6A87876677A /* xUnique.app */ = {isa = PBXFileReference; explicitFileType = wrapper.application; includeInIndex = 0; path = xUnique.app; sourceTree = BUILT_PRODUCTS_DIR; };
		4922F0CFF7D6AFB7245C5295A8B20192 /* ViewController.h */ = {isa = PBXFileReference; lastKnownFileType = sourcecode.c.h; path = ViewController.h; sourceTree = "<group>"; };
		677EAE5818E7C3C495572C48AED3476B /* Base */ = {isa = PBXFileReference; lastKnownFileType = file.storyboard; name = Base; path = Base.lproj/Main.storyboard; sourceTree = "<group>"; };
		758F6795F8455FB9AC05548FDC7849D6 /* Images.xcassets */ = {isa = PBXFileReference; lastKnownFileType = folder.assetcatalog; path = Images.xcassets; sourceTree = "<group>"; };
		896AE2C0EF67352A8FDBA2909E971639 /* Base */ = {isa = PBXFileReference; lastKnownFileType = file.xib; name = Base; path = Base.lproj/LaunchScreen.xib; sourceTree = "<group>"; };
		944365FE5A551A247EC005177D7F9811 /* xUniqueTests.xctest */ = {isa = PBXFileReference; explicitFileType = wrapper.cfbundle; includeInIndex = 0; path = xUniqueTests.xctest; sourceTree = BUILT_PRODUCTS_DIR; };
		9947CAD8FBC406B7BB526BA946A33D47 /* AppDelegate.h */ = {isa = PBXFileReference; lastKnownFileType = sourcecode.c.h; path = AppDelegate.h; sourceTree = "<group>"; };
		A337A8CA450FEC469B09D09AB1F0BBFE /* xUniqueTests.m */ = {isa = PBXFileReference; lastKnownFileType = sourcecode.c.objc; path = xUniqueTests.m; sourceTree = "<group>"; };
		AB1E46D82E1ECB645C54213362EB8F5F /* SwiftClass.swift */ = {isa = PBXFileReference; fileEncoding = 4; lastKnownFileType = sourcecode.swift; path = SwiftClass.swift; sourceTree = "<group>"; };
		D701AB454818D72C03168029530A40C4 /* Info.plist */ = {isa = PBXFileReference; lastKnownFileType = text.plist.xml; path = Info.plist; sourceTree = "<group>"; };
		D77B6B14A17B1D740B021AAD04135E67 /* ViewController.m */ = {isa = PBXFileReference; lastKnownFileType = sourcecode.c.objc; path = ViewController.m; sourceTree = "<group>"; };
		F2F942F4C93B6DBA9596283258FFA0CE /* AppDelegate.m */ = {isa = PBXFileReference; lastKnownFileType = sourcecode.c.objc; path = AppDelegate.m; sourceTree = "<group>"; };
		F7428CD909C4B5CE287A3EC8D80E2A4F /* Info.plist */ = {isa = PBXFileReference; lastKnownFileType = text.plist.xml; path = Info.plist; sourceTree = "<group>"; };
		FD1B24788F4D857B40147D8267AE5E42 /* xUnique-Bridging-Header.h */ = {isa = PBXFileReference; lastKnownFileType = sourcecode.c.h; path = "xUnique-Bridging-Header.h"; sourceTree = "<group>"; };
/* End PBXFileReference section */

/* Begin PBXFrameworksBuildPhase section */
		3B07559556DD532E735C7230DCC9D00B /* Frameworks */ = {
			isa = PBXFrameworksBuildPhase;
			buildActionMask = 2147483647;
			files = (
			);
			runOnlyForDeploymentPostprocessing = 0;
		};
		0BBC26313313DA8D53215A974E45BE31 /* Frameworks */ = {
			isa = PBXFrameworksBuildPhase;
			buildActionMask = 2147483647;
			files = (
			);
			runOnlyForDeploymentPostprocessing = 0;
		};
/* End PBXFrameworksBuildPhase section */

/* Begin PBXGroup section */
		92CA35E3C2C09993FF6941C877DB2F8D = {
			isa = PBXGroup;
			children = (
				0F3C7D29FC185C858B81F9ADF24BBDF4 /* Products */,
				3B87DE8F0A8F0784F6F210B94313AFBA /* xUnique */,
				20C4D273712AEE922B921FC802C9D0E7 /* xUniqueTests */,
			);
			sourceTree = "<group>";
		};
		0F3C7D29FC185C858B81F9ADF24BBDF4 /* Products */ = {
			isa = PBXGroup;
			children = (
				3B7756CFD8ACF90DF645E6A87876677A /* xUnique.app */,
				944365FE5A551A247EC005177D7F9811 /* xUniqueTests.xctest */,
			);
			name = Products;
			sourceTree = "<group>";
		};
		3B87DE8F0A8F0784F6F210B94313AFBA /* xUnique */ = {
			isa = PBXGroup;
			children = (
				2C1D5F6FC7FE32CFB35C7733A8988964 /* Supporting Files */,
				9947CAD8FBC406B7BB526BA946A33D47 /* AppDelegate.h */,
				F2F942F4C93B6DBA9596283258FFA0CE /* AppDelegate.m */,
				758F6795F8455FB9AC05548FDC7849D6 /* Images.xcassets */,
				D1BAD63E2C8FA16059F9476B0307BACC /* LaunchScreen.xib */,
				473D0661C67BFA2D8AF1A2B061F3F76A /* Main.storyboard */,
				AB1E46D82E1ECB645C54213362EB8F5F /* SwiftClass.swift */,
				4922F0CFF7D6AFB7245C5295A8B20192 /* ViewController.h */,
				D77B6B14A17B1D740B021AAD04135E67 /* ViewController.m */,
				FD1B24788F4D857B40147D8267AE5E42 /* xUnique-Bridging-Header.h */,
			);
			path = xUnique;
			sourceTree = "<group>";
		};
		2C1D5F6FC7FE32CFB35C7733A8988964 /* Supporting Files */ = {
			isa = PBXGroup;
			children = (
				F7428CD909C4B5CE287A3EC8D80E2A4F /* Info.plist */,
				192A3B0789E4C76518EAD1EE82F389CF /* main.m */,
			);
			name = "Supporting Files";
			sourceTree = "<group>";
		};
		20C4D273712AEE922B921FC802C9D0E7 /* xUniqueTests */ = {
			isa = PBXGroup;
			children = (
				7D35157F79D9EA8C33780718696092AE /* Supporting Files */,
				A337A8CA450FEC469B09D09AB1F0BBFE /* xUniqueTests.m */,
			);
			path = xUniqueTests;
			sourceTree = "<group>";
		};
		7D35157F79D9EA8C33780718696092AE /* Supporting Files */ = {
			isa = PBXGroup;
			children = (
				D701AB454818D72C03168029530A40C4 /* Info.plist */,
			);
			name = "Supporting Files";
			sourceTree = "<group>";
		};
/* End PBXGroup section */

/* Begin PBXNativeTarget section */
		F4E746A621806A3A6F9CAD11EFB842A2 /* xUnique */ = {
			isa = PBXNativeTarget;
			buildConfigurationList = B38A8107B6AA2D2A2B6D4E02683D6E99 /* Build configuration list for PBXNativeTarget "xUnique" */;
			buildPhases = (
				F593DE0C30E524076E210FCE65C0940E /* Sources */,
				3B07559556DD532E735C7230DCC9D00B /* Frameworks */,
				4475B9D6073867D8A6184CFCD4E01F6D /* Resources */,
				5433BC3D601CD2A60ECA25089F556B50 /* Uniquify and Sort Project */,
			);
			buildRules = (
			);
			dependencies = (
			);
			name = xUnique;
			productName = xUnique;
			productReference = 3B7756CFD8ACF90DF645E6A87876677A /* xUnique.app */;
			productType = "com.apple.product-type.application";
		};
		BC1745F721FEAC711DDC04A57707D502 /* xUniqueTests */ = {
			isa = PBXNativeTarget;
			buildConfigurationList = 38153C7C8D1B8FCD50A3C9F74BC3E6DE /* Build configuration list for PBXNativeTarget "xUniqueTests" */;
			buildPhases = (
				E2AE11E1C74C07B0F262B2D1E5AD0EB9 /* Sources */,
				0BBC26313313DA8D53215A974E45BE31 /* Frameworks */,
				D9F74FB664C1463F767685BD817B81C4 /* Resources */,
			);
			buildRules = (
			);
			dependencies = (
				986C0ACAF5D271173DFABDADE2F820AF /* PBXTargetDependency */,
			);
			name = xUniqueTests;
			productName = xUniqueTests;
			productReference = 944365FE5A551A247EC005177D7F9811 /* xUniqueTests.xctest */;
			productType = "com.apple.product-type.bundle.unit-test";
		};
/* End PBXNativeTarget section */

/* Begin PBXProject section */
		D0FAD9BE0577FC90008E18DE21788638 /* Project object */ = {
			isa = PBXProject;
			attributes = {
				LastUpgradeCheck = 0630;
				ORGANIZATIONNAME = mokacoding;
				TargetAttributes = {
					F4E746A621806A3A6F9CAD11EFB842A2 = {
						CreatedOnToolsVersion = 6.3.1;
					};
					BC1745F721FEAC711DDC04A57707D502 = {
						CreatedOnToolsVersion = 6.3.1;
						TestTargetID = F4E746A621806A3A6F9CAD11EFB842A2;
					};
				};
			};
			buildConfigurationList = F8E2B9FB87F539A2F5D7B05ABA66A5F3 /* Build configuration list for PBXProject "xUnique" */;
			compatibilityVersion = "Xcode 3.2";
			developmentRegion = English;
			hasScannedForEncodings = 0;
			knownRegions = (
				en,
				Base,
			);
			mainGroup = 92CA35E3C2C09993FF6941C877DB2F8D;
			productRefGroup = 0F3C7D29FC185C858B81F9ADF24BBDF4 /* Products */;
			projectDirPath = "";
			projectRoot = "";
			targets = (
				F4E746A621806A3A6F9CAD11EFB842A2 /* xUnique */,
				BC1745F721FEAC711DDC04A57707D502 /* xUniqueTests */,
			);
		};
/* End PBXProject section */

/* Begin PBXResourcesBuildPhase section */
		4475B9D6073867D8A6184CFCD4E01F6D /* Resources */ = {
			isa = PBXResourcesBuildPhase;
			buildActionMask = 2147483647;
			files = (
				B6CDB7BD3F2AA226674050C6D9C9CB48 /* Images.xcassets in Resources */,
				4D24221B036FE155DF20572EB10A0830 /* LaunchScreen.xib in Resources */,
				47277F993AAE47A64436D18678F455DB /* Main.storyboard in Resources */,
			);
			runOnlyForDeploymentPostprocessing = 0;
		};
		D9F74FB664C1463F767685BD817B81C4 /* Resources */ = {
			isa = PBXResourcesBuildPhase;
			buildActionMask = 2147483647;
			files = (
			);
			runOnlyForDeploymentPostprocessing = 0;
		};
/* End PBXResourcesBuildPhase section */

/* Begin PBXShellScriptBuildPhase section */
		5433BC3D601CD2A60ECA25089F556B50 /* Uniquify and Sort Project */ = {
			isa = PBXShellScriptBuildPhase;
			buildActionMask = 2147483647;
			files = (
			);
			inputPaths = (
			);
			name = "Uniquify and Sort Project";
			outputPaths = (
			);
			runOnlyForDeploymentPostprocessing = 0;
			shellPath = /bin/sh;
			shellScript = "sh $SRCROOT/uniquify.sh";
		};
/* End PBXShellScriptBuildPhase section */

/* Begin PBXSourcesBuildPhase section */
		F593DE0C30E524076E210FCE65C0940E /* Sources */ = {
			isa = PBXSourcesBuildPhase;
			buildActionMask = 2147483647;
			files = (
				5003AEF3BBBB12728F5EEAEF75C47101 /* AppDelegate.m in Sources */,
				8509624C03537B66F7125AF04011A1CE /* SwiftClass.swift in Sources */,
				E47F2848129EB84346457C653C550BF0 /* ViewController.m in Sources */,
				C7EA6036C6A311499CBCB4E3316CEFFF /* main.m in Sources */,
			);
			runOnlyForDeploymentPostprocessing = 0;
		};
		E2AE11E1C74C07B0F262B2D1E5AD0EB9 /* Sources */ = {
			isa = PBXSourcesBuildPhase;
			buildActionMask = 2147483647;
			files = (
				F62637CEE70D4B1F805B61D9873C6BE2 /* xUniqueTests.m in Sources */,
			);
			runOnlyForDeploymentPostprocessing = 0;
		};
/* End PBXSourcesBuildPhase section */

/* Begin PBXTargetDependency section */
		986C0ACAF5D271173DFABDADE2F820AF /* PBXTargetDependency */ = {
			isa = PBXTargetDependency;
			target = F4E746A621806A3A6F9CAD11EFB842A2 /* xUnique */;
			targetProxy = 45D10CA8D060A9826E0FFC04879C28F3 /* PBXContainerItemProxy */;
		};
/* End PBXTargetDependency section */

/* Begin PBXVariantGroup section */
		473D0661C67BFA2D8AF1A2B061F3F76A /* Main.storyboard */ = {
			isa = PBXVariantGroup;
			children = (
				677EAE5818E7C3C495572C48AED3476B /* Base */,
			);
			name = Main.storyboard;
			sourceTree = "<group>";
		};
		D1BAD63E2C8FA16059F9476B0307BACC /* LaunchScreen.xib */ = {
			isa = PBXVariantGroup;
			children = (
				896AE2C0EF67352A8FDBA2909E971639 /* Base */,
			);
			name = LaunchScreen.xib;
			sourceTree = "<group>";
		};
/* End PBXVariantGroup section */

/* Begin XCBuildConfiguration section */
		93B6AA3D507548C61CBE1823E883E57A /* Debug */ = {
			isa = XCBuildConfiguration;
			buildSettings = {
				ALWAYS_SEARCH_USER_PATHS = NO;
				CLANG_CXX_LANGUAGE_STANDARD = "gnu++0x";
				CLANG_CXX_LIBRARY = "libc++";
				CLANG_ENABLE_MODULES = YES;
				CLANG_ENABLE_OBJC_ARC = YES;
				CLANG_WARN_BOOL_CONVERSION = YES;
				CLANG_WARN_CONSTANT_CONVERSION = YES;
				CLANG_WARN_DIRECT_OBJC_ISA_USAGE = YES_ERROR;
				CLANG_WARN_EMPTY_BODY = YES;
				CLANG_WARN_ENUM_CONVERSION = YES;
				CLANG_WARN_INT_CONVERSION = YES;
				CLANG_WARN_OBJC_ROOT_CLASS = YES_ERROR;
				CLANG_WARN_UNREACHABLE_CODE = YES;
				CLANG_WARN__DUPLICATE_METHOD_MATCH = YES;
				"CODE_SIGN_IDENTITY[sdk=iphoneos*]" = "iPhone Developer";
				COPY_PHASE_STRIP = NO;
				DEBUG_INFORMATION_FORMAT = "dwarf-with-dsym";
				ENABLE_STRICT_OBJC_MSGSEND = YES;
				GCC_C_LANGUAGE_STANDARD = gnu99;
				GCC_DYNAMIC_NO_PIC = NO;
				GCC_NO_COMMON_BLOCKS = YES;
				GCC_OPTIMIZATION_LEVEL = 0;
				GCC_PREPROCESSOR_DEFINITIONS = (
					"DEBUG=1",
					"$(inherited)",
				);
				GCC_SYMBOLS_PRIVATE_EXTERN = NO;
				GCC_WARN_64_TO_32_BIT_CONVERSION = YES;
				GCC_WARN_ABOUT_RETURN_TYPE = YES_ERROR;
				GCC_WARN_UNDECLARED_SELECTOR = YES;
				GCC_WARN_UNINITIALIZED_AUTOS = YES_AGGRESSIVE;
				GCC_WARN_UNUSED_FUNCTION = YES;
				GCC_WARN_UNUSED_VARIABLE = YES;
				IPHONEOS_DEPLOYMENT_TARGET = 8.3;
				MTL_ENABLE_DEBUG_INFO = YES;
				ONLY_ACTIVE_ARCH = YES;
				SDKROOT = iphoneos;
				TARGETED_DEVICE_FAMILY = "1,2";
			};
			name = Debug;
		};
		244767A7DE15DF6240409C3757F84B31 /* Release */ = {
			isa = XCBuildConfiguration;
			buildSettings = {
				ALWAYS_SEARCH_USER_PATHS = NO;
				CLANG_CXX_LANGUAGE_STANDARD = "gnu++0x";
				CLANG_CXX_LIBRARY = "libc++";
				CLANG_ENABLE_MODULES = YES;
				CLANG_ENABLE_OBJC_ARC = YES;
				CLANG_WARN_BOOL_CONVERSION = YES;
				CLANG_WARN_CONSTANT_CONVERSION = YES;
				CLANG_WARN_DIRECT_OBJC_ISA_USAGE = YES_ERROR;
				CLANG_WARN_EMPTY_BODY = YES;
				CLANG_WARN_ENUM_CONVERSION = YES;
				CLANG_WARN_INT_CONVERSION = YES;
				CLANG_WARN_OBJC_ROOT_CLASS = YES_ERROR;
				CLANG_WARN_UNREACHABLE_CODE = YES;
				CLANG_WARN__DUPLICATE_METHOD_MATCH = YES;
				"CODE_SIGN_IDENTITY[sdk=iphoneos*]" = "iPhone Developer";
				COPY_PHASE_STRIP = NO;
				DEBUG_INFORMATION_FORMAT = "dwarf-with-dsym";
				ENABLE_NS_ASSERTIONS = NO;
				ENABLE_STRICT_OBJC_MSGSEND = YES;
				GCC_C_LANGUAGE_STANDARD = gnu99;
				GCC_NO_COMMON_BLOCKS = YES;
				GCC_WARN_64_TO_32_BIT_CONVERSION = YES;
				GCC_WARN_ABOUT_RETURN_TYPE = YES_ERROR;
				GCC_WARN_UNDECLARED_SELECTOR = YES;
				GCC_WARN_UNINITIALIZED_AUTOS = YES_AGGRESSIVE;
				GCC_WARN_UNUSED_FUNCTION = YES;
				GCC_WARN_UNUSED_VARIABLE = YES;
				IPHONEOS_DEPLOYMENT_TARGET = 8.3;
				MTL_ENABLE_DEBUG_INFO = NO;
				SDKROOT = iphoneos;
				TARGETED_DEVICE_FAMILY = "1,2";
				VALIDATE_PRODUCT = YES;
			};
			name = Release;
		};
		5E96887F08E34176C398524E9661124A /* Debug */ = {
			isa = XCBuildConfiguration;
			buildSettings = {
				ASSETCATALOG_COMPILER_APPICON_NAME = AppIcon;
				CLANG_ENABLE_MODULES = YES;
				INFOPLIST_FILE = xUnique/Info.plist;
				LD_RUNPATH_SEARCH_PATHS = "$(inherited) @executable_path/Frameworks";
				PRODUCT_NAME = "$(TARGET_NAME)";
				SWIFT_OBJC_BRIDGING_HEADER = "xUnique/xUnique-Bridging-Header.h";
				SWIFT_OPTIMIZATION_LEVEL = "-Onone";
			};
			name = Debug;
		};
		8FE4D99A00621FF8B7F02347DE6ECAE2 /* Release */ = {
			isa = XCBuildConfiguration;
			buildSettings = {
				ASSETCATALOG_COMPILER_APPICON_NAME = AppIcon;
				CLANG_ENABLE_MODULES = YES;
				INFOPLIST_FILE = xUnique/Info.plist;
				LD_RUNPATH_SEARCH_PATHS = "$(inherited) @executable_path/Frameworks";
				PRODUCT_NAME = "$(TARGET_NAME)";
				SWIFT_OBJC_BRIDGING_HEADER = "xUnique/xUnique-Bridging-Header.h";
			};
			name = Release;
		};
		79A285E5C084A2E20523092875FD2A95 /* Debug */ = {
			isa = XCBuildConfiguration;
			buildSettings = {
				BUNDLE_LOADER = "$(TEST_HOST)";
				FRAMEWORK_SEARCH_PATHS = (
					"$(SDKROOT)/Developer/Library/Frameworks",
					"$(inherited)",
				);
				GCC_PREPROCESSOR_DEFINITIONS = (
					"DEBUG=1",
					"$(inherited)",
				);
				INFOPLIST_FILE = xUniqueTests/Info.plist;
				LD_RUNPATH_SEARCH_PATHS = "$(inherited) @executable_path/Frameworks @loader_path/Frameworks";
				PRODUCT_NAME = "$(TARGET_NAME)";
				TEST_HOST = "$(BUILT_PRODUCTS_DIR)/xUnique.app/xUnique";
			};
			name = Debug;
		};
		00D9B53C67E365780F76460E72C4B33F /* Release */ = {
			isa = XCBuildConfiguration;
			buildSettings = {
				BUNDLE_LOADER = "$(TEST_HOST)";
				FRAMEWORK_SEARCH_PATHS = (
					"$(SDKROOT)/Developer/Library/Frameworks",
					"$(inherited)",
				);
				INFOPLIST_FILE = xUniqueTests/Info.plist;
				LD_RUNPATH_SEARCH_PATHS = "$(inherited) @executable_path/Frameworks @loader_path/Frameworks";
				PRODUCT_NAME = "$(TARGET_NAME)";
				TEST_HOST = "$(BUILT_PRODUCTS_DIR)/xUnique.app/xUnique";
			};
			name = Release;
		};
/* End XCBuildConfiguration section */

/* Begin XCConfigurationList section */
		F8E2B9FB87F539A2F5D7B05ABA66A5F3 /* Build configuration list for PBXProject "xUnique" */ = {
			isa = XCConfigurationList;
			buildConfigurations = (
				93B6AA3D507548C61CBE1823E883E57A /* Debug */,
				244767A7DE15DF6240409C3757F84B31 /* Release */,
			);
			defaultConfigurationIsVisible = 0;
			defaultConfigurationName = Release;
		};
		B38A8107B6AA2D2A2B6D4E02683D6E99 /* Build configuration list for PBXNativeTarget "xUnique" */ = {
			isa = XCConfigurationList;
			buildConfigurations = (
				5E96887F08E34176C398524E9661124A /* Debug */,
				8FE4D99A00621FF8B7F02347DE6ECAE2 /* Release */,
			);
			defaultConfigurationIsVisible = 0;
		};
		38153C7C8D1B8FCD50A3C9F74BC3E6DE /* Build configuration list for PBXNativeTarget "xUniqueTests" */ = {
			isa = XCConfigurationList;
			buildConfigurations = (
				79A285E5C084A2E20523092875FD2A95 /* Debug */,
				00D9B53C67E365780F76460E72C4B33F /* Release */,
			);
			defaultConfigurationIsVisible = 0;
		};
/* End XCConfigurationList section */
	};
	rootObject = D0FAD9BE0577FC90008E18DE21788638 /* Project object */;
}
